// !$*UTF8*$!
{
	archiveVersion = 1;
	classes = {
	};
	objectVersion = 46;
	objects = {

/* Begin PBXBuildFile section */
		9B01F2D91D570635003DFE6F /* libsqlite3.0.dylib in Frameworks */ = {isa = PBXBuildFile; fileRef = 9B01F2D81D570635003DFE6F /* libsqlite3.0.dylib */; };
		9BD71F5E1D54767B0095AB7E /* TFPhotosView.m in Sources */ = {isa = PBXBuildFile; fileRef = 9BD71F5D1D54767B0095AB7E /* TFPhotosView.m */; };
		9BD71F921D5478B40095AB7E /* MJPhoto.m in Sources */ = {isa = PBXBuildFile; fileRef = 9BD71F621D5478B40095AB7E /* MJPhoto.m */; };
		9BD71F931D5478B40095AB7E /* MJPhotoBrowser.bundle in Resources */ = {isa = PBXBuildFile; fileRef = 9BD71F631D5478B40095AB7E /* MJPhotoBrowser.bundle */; };
		9BD71F941D5478B40095AB7E /* MJPhotoBrowser.m in Sources */ = {isa = PBXBuildFile; fileRef = 9BD71F651D5478B40095AB7E /* MJPhotoBrowser.m */; };
		9BD71F951D5478B40095AB7E /* MJPhotoLoadingView.m in Sources */ = {isa = PBXBuildFile; fileRef = 9BD71F671D5478B40095AB7E /* MJPhotoLoadingView.m */; };
		9BD71F961D5478B40095AB7E /* MJPhotoProgressView.m in Sources */ = {isa = PBXBuildFile; fileRef = 9BD71F691D5478B40095AB7E /* MJPhotoProgressView.m */; };
		9BD71F971D5478B40095AB7E /* MJPhotoToolbar.m in Sources */ = {isa = PBXBuildFile; fileRef = 9BD71F6B1D5478B40095AB7E /* MJPhotoToolbar.m */; };
		9BD71F981D5478B40095AB7E /* MJPhotoView.m in Sources */ = {isa = PBXBuildFile; fileRef = 9BD71F6D1D5478B40095AB7E /* MJPhotoView.m */; };
		9BD71F991D5478B40095AB7E /* SDWebImageManager+MJ.m in Sources */ = {isa = PBXBuildFile; fileRef = 9BD71F6F1D5478B40095AB7E /* SDWebImageManager+MJ.m */; };
		9BD71F9A1D5478B40095AB7E /* MKAnnotationView+WebCache.m in Sources */ = {isa = PBXBuildFile; fileRef = 9BD71F721D5478B40095AB7E /* MKAnnotationView+WebCache.m */; };
		9BD71F9B1D5478B40095AB7E /* NSData+ImageContentType.m in Sources */ = {isa = PBXBuildFile; fileRef = 9BD71F741D5478B40095AB7E /* NSData+ImageContentType.m */; };
		9BD71F9C1D5478B40095AB7E /* SDImageCache.m in Sources */ = {isa = PBXBuildFile; fileRef = 9BD71F761D5478B40095AB7E /* SDImageCache.m */; };
		9BD71F9D1D5478B40095AB7E /* SDWebImageCompat.m in Sources */ = {isa = PBXBuildFile; fileRef = 9BD71F781D5478B40095AB7E /* SDWebImageCompat.m */; };
		9BD71F9E1D5478B40095AB7E /* SDWebImageDecoder.m in Sources */ = {isa = PBXBuildFile; fileRef = 9BD71F7A1D5478B40095AB7E /* SDWebImageDecoder.m */; };
		9BD71F9F1D5478B40095AB7E /* SDWebImageDownloader.m in Sources */ = {isa = PBXBuildFile; fileRef = 9BD71F7C1D5478B40095AB7E /* SDWebImageDownloader.m */; };
		9BD71FA01D5478B40095AB7E /* SDWebImageDownloaderOperation.m in Sources */ = {isa = PBXBuildFile; fileRef = 9BD71F7E1D5478B40095AB7E /* SDWebImageDownloaderOperation.m */; };
		9BD71FA11D5478B40095AB7E /* SDWebImageManager.m in Sources */ = {isa = PBXBuildFile; fileRef = 9BD71F801D5478B40095AB7E /* SDWebImageManager.m */; };
		9BD71FA21D5478B40095AB7E /* SDWebImagePrefetcher.m in Sources */ = {isa = PBXBuildFile; fileRef = 9BD71F831D5478B40095AB7E /* SDWebImagePrefetcher.m */; };
		9BD71FA31D5478B40095AB7E /* UIButton+WebCache.m in Sources */ = {isa = PBXBuildFile; fileRef = 9BD71F851D5478B40095AB7E /* UIButton+WebCache.m */; };
		9BD71FA41D5478B40095AB7E /* UIImage+GIF.m in Sources */ = {isa = PBXBuildFile; fileRef = 9BD71F871D5478B40095AB7E /* UIImage+GIF.m */; };
		9BD71FA51D5478B40095AB7E /* UIImage+MultiFormat.m in Sources */ = {isa = PBXBuildFile; fileRef = 9BD71F891D5478B40095AB7E /* UIImage+MultiFormat.m */; };
		9BD71FA61D5478B40095AB7E /* UIImage+WebP.m in Sources */ = {isa = PBXBuildFile; fileRef = 9BD71F8B1D5478B40095AB7E /* UIImage+WebP.m */; };
		9BD71FA71D5478B40095AB7E /* UIImageView+HighlightedWebCache.m in Sources */ = {isa = PBXBuildFile; fileRef = 9BD71F8D1D5478B40095AB7E /* UIImageView+HighlightedWebCache.m */; };
		9BD71FA81D5478B40095AB7E /* UIImageView+WebCache.m in Sources */ = {isa = PBXBuildFile; fileRef = 9BD71F8F1D5478B40095AB7E /* UIImageView+WebCache.m */; };
		9BD71FA91D5478B40095AB7E /* UIView+WebCacheOperation.m in Sources */ = {isa = PBXBuildFile; fileRef = 9BD71F911D5478B40095AB7E /* UIView+WebCacheOperation.m */; };
		9BD71FAC1D5478EF0095AB7E /* TFPhoto.m in Sources */ = {isa = PBXBuildFile; fileRef = 9BD71FAB1D5478EF0095AB7E /* TFPhoto.m */; };
		9BD71FB01D54D0700095AB7E /* TFImageView.m in Sources */ = {isa = PBXBuildFile; fileRef = 9BD71FAF1D54D0700095AB7E /* TFImageView.m */; };
		9BEE8A851D55A3F000EC93B8 /* MJRefresh.bundle in Resources */ = {isa = PBXBuildFile; fileRef = 9BEE8A751D55A3F000EC93B8 /* MJRefresh.bundle */; };
		9BEE8A861D55A3F000EC93B8 /* MJRefreshBaseView.m in Sources */ = {isa = PBXBuildFile; fileRef = 9BEE8A781D55A3F000EC93B8 /* MJRefreshBaseView.m */; };
		9BEE8A871D55A3F000EC93B8 /* MJRefreshConst.m in Sources */ = {isa = PBXBuildFile; fileRef = 9BEE8A7A1D55A3F000EC93B8 /* MJRefreshConst.m */; };
		9BEE8A881D55A3F000EC93B8 /* MJRefreshFooterView.m in Sources */ = {isa = PBXBuildFile; fileRef = 9BEE8A7C1D55A3F000EC93B8 /* MJRefreshFooterView.m */; };
		9BEE8A891D55A3F000EC93B8 /* MJRefreshHeaderView.m in Sources */ = {isa = PBXBuildFile; fileRef = 9BEE8A7E1D55A3F000EC93B8 /* MJRefreshHeaderView.m */; };
		9BEE8A8A1D55A3F000EC93B8 /* UIScrollView+MJExtension.m in Sources */ = {isa = PBXBuildFile; fileRef = 9BEE8A801D55A3F000EC93B8 /* UIScrollView+MJExtension.m */; };
		9BEE8A8B1D55A3F000EC93B8 /* UIScrollView+MJRefresh.m in Sources */ = {isa = PBXBuildFile; fileRef = 9BEE8A821D55A3F000EC93B8 /* UIScrollView+MJRefresh.m */; };
		9BEE8A8C1D55A3F000EC93B8 /* UIView+MJExtension.m in Sources */ = {isa = PBXBuildFile; fileRef = 9BEE8A841D55A3F000EC93B8 /* UIView+MJExtension.m */; };
		9BEF0D5A1D54332A00493837 /* TFTableViewCell.m in Sources */ = {isa = PBXBuildFile; fileRef = 9BEF0D591D54332A00493837 /* TFTableViewCell.m */; };
		9BEF0D5D1D5434BA00493837 /* TFDataFrameItem.m in Sources */ = {isa = PBXBuildFile; fileRef = 9BEF0D5C1D5434BA00493837 /* TFDataFrameItem.m */; };
		9BEF0D601D5436DF00493837 /* TFTextView.m in Sources */ = {isa = PBXBuildFile; fileRef = 9BEF0D5F1D5436DF00493837 /* TFTextView.m */; };
		9BF544601D532F8C004D7811 /* main.m in Sources */ = {isa = PBXBuildFile; fileRef = 9BF5445F1D532F8C004D7811 /* main.m */; };
		9BF544631D532F8C004D7811 /* AppDelegate.m in Sources */ = {isa = PBXBuildFile; fileRef = 9BF544621D532F8C004D7811 /* AppDelegate.m */; };
		9BF544691D532F8C004D7811 /* Main.storyboard in Resources */ = {isa = PBXBuildFile; fileRef = 9BF544671D532F8C004D7811 /* Main.storyboard */; };
		9BF5446B1D532F8C004D7811 /* Images.xcassets in Resources */ = {isa = PBXBuildFile; fileRef = 9BF5446A1D532F8C004D7811 /* Images.xcassets */; };
		9BF5446E1D532F8C004D7811 /* LaunchScreen.xib in Resources */ = {isa = PBXBuildFile; fileRef = 9BF5446C1D532F8C004D7811 /* LaunchScreen.xib */; };
		9BF5447A1D532F8C004D7811 /* InterViewDemoTests.m in Sources */ = {isa = PBXBuildFile; fileRef = 9BF544791D532F8C004D7811 /* InterViewDemoTests.m */; };
		9BF5448B1D533391004D7811 /* TFTabBarController.m in Sources */ = {isa = PBXBuildFile; fileRef = 9BF544881D533391004D7811 /* TFTabBarController.m */; };
		9BF5448E1D533428004D7811 /* TFBasicController.m in Sources */ = {isa = PBXBuildFile; fileRef = 9BF5448D1D533428004D7811 /* TFBasicController.m */; };
		9BF544911D533576004D7811 /* TFMessageController.m in Sources */ = {isa = PBXBuildFile; fileRef = 9BF544901D533576004D7811 /* TFMessageController.m */; };
		9BF544941D5335C7004D7811 /* TFDiscoverControlelr.m in Sources */ = {isa = PBXBuildFile; fileRef = 9BF544931D5335C7004D7811 /* TFDiscoverControlelr.m */; };
		9BF544961D533826004D7811 /* TFMessageController.xib in Resources */ = {isa = PBXBuildFile; fileRef = 9BF544951D533826004D7811 /* TFMessageController.xib */; };
		9BF544991D533FEC004D7811 /* TFContentController.m in Sources */ = {isa = PBXBuildFile; fileRef = 9BF544981D533FEC004D7811 /* TFContentController.m */; };
		9BF5449B1D534054004D7811 /* TFContentController.xib in Resources */ = {isa = PBXBuildFile; fileRef = 9BF5449A1D534054004D7811 /* TFContentController.xib */; };
		9BF5449E1D537143004D7811 /* TFDataItem.m in Sources */ = {isa = PBXBuildFile; fileRef = 9BF5449D1D537143004D7811 /* TFDataItem.m */; };
		9BF544A21D537C5F004D7811 /* TFDataStoreTool.m in Sources */ = {isa = PBXBuildFile; fileRef = 9BF544A11D537C5F004D7811 /* TFDataStoreTool.m */; };
/* End PBXBuildFile section */

/* Begin PBXContainerItemProxy section */
		9BF544741D532F8C004D7811 /* PBXContainerItemProxy */ = {
			isa = PBXContainerItemProxy;
			containerPortal = 9BF544521D532F8C004D7811 /* Project object */;
			proxyType = 1;
			remoteGlobalIDString = 9BF544591D532F8C004D7811;
			remoteInfo = InterViewDemo;
		};
/* End PBXContainerItemProxy section */

/* Begin PBXFileReference section */
		9B01F2D81D570635003DFE6F /* libsqlite3.0.dylib */ = {isa = PBXFileReference; lastKnownFileType = "compiled.mach-o.dylib"; name = libsqlite3.0.dylib; path = usr/lib/libsqlite3.0.dylib; sourceTree = SDKROOT; };
		9BD71F5C1D54767B0095AB7E /* TFPhotosView.h */ = {isa = PBXFileReference; fileEncoding = 4; lastKnownFileType = sourcecode.c.h; path = TFPhotosView.h; sourceTree = "<group>"; };
		9BD71F5D1D54767B0095AB7E /* TFPhotosView.m */ = {isa = PBXFileReference; fileEncoding = 4; lastKnownFileType = sourcecode.c.objc; path = TFPhotosView.m; sourceTree = "<group>"; };
		9BD71F611D5478B40095AB7E /* MJPhoto.h */ = {isa = PBXFileReference; fileEncoding = 4; lastKnownFileType = sourcecode.c.h; path = MJPhoto.h; sourceTree = "<group>"; };
		9BD71F621D5478B40095AB7E /* MJPhoto.m */ = {isa = PBXFileReference; fileEncoding = 4; lastKnownFileType = sourcecode.c.objc; path = MJPhoto.m; sourceTree = "<group>"; };
		9BD71F631D5478B40095AB7E /* MJPhotoBrowser.bundle */ = {isa = PBXFileReference; lastKnownFileType = "wrapper.plug-in"; path = MJPhotoBrowser.bundle; sourceTree = "<group>"; };
		9BD71F641D5478B40095AB7E /* MJPhotoBrowser.h */ = {isa = PBXFileReference; fileEncoding = 4; lastKnownFileType = sourcecode.c.h; path = MJPhotoBrowser.h; sourceTree = "<group>"; };
		9BD71F651D5478B40095AB7E /* MJPhotoBrowser.m */ = {isa = PBXFileReference; fileEncoding = 4; lastKnownFileType = sourcecode.c.objc; path = MJPhotoBrowser.m; sourceTree = "<group>"; };
		9BD71F661D5478B40095AB7E /* MJPhotoLoadingView.h */ = {isa = PBXFileReference; fileEncoding = 4; lastKnownFileType = sourcecode.c.h; path = MJPhotoLoadingView.h; sourceTree = "<group>"; };
		9BD71F671D5478B40095AB7E /* MJPhotoLoadingView.m */ = {isa = PBXFileReference; fileEncoding = 4; lastKnownFileType = sourcecode.c.objc; path = MJPhotoLoadingView.m; sourceTree = "<group>"; };
		9BD71F681D5478B40095AB7E /* MJPhotoProgressView.h */ = {isa = PBXFileReference; fileEncoding = 4; lastKnownFileType = sourcecode.c.h; path = MJPhotoProgressView.h; sourceTree = "<group>"; };
		9BD71F691D5478B40095AB7E /* MJPhotoProgressView.m */ = {isa = PBXFileReference; fileEncoding = 4; lastKnownFileType = sourcecode.c.objc; path = MJPhotoProgressView.m; sourceTree = "<group>"; };
		9BD71F6A1D5478B40095AB7E /* MJPhotoToolbar.h */ = {isa = PBXFileReference; fileEncoding = 4; lastKnownFileType = sourcecode.c.h; path = MJPhotoToolbar.h; sourceTree = "<group>"; };
		9BD71F6B1D5478B40095AB7E /* MJPhotoToolbar.m */ = {isa = PBXFileReference; fileEncoding = 4; lastKnownFileType = sourcecode.c.objc; path = MJPhotoToolbar.m; sourceTree = "<group>"; };
		9BD71F6C1D5478B40095AB7E /* MJPhotoView.h */ = {isa = PBXFileReference; fileEncoding = 4; lastKnownFileType = sourcecode.c.h; path = MJPhotoView.h; sourceTree = "<group>"; };
		9BD71F6D1D5478B40095AB7E /* MJPhotoView.m */ = {isa = PBXFileReference; fileEncoding = 4; lastKnownFileType = sourcecode.c.objc; path = MJPhotoView.m; sourceTree = "<group>"; };
		9BD71F6E1D5478B40095AB7E /* SDWebImageManager+MJ.h */ = {isa = PBXFileReference; fileEncoding = 4; lastKnownFileType = sourcecode.c.h; path = "SDWebImageManager+MJ.h"; sourceTree = "<group>"; };
		9BD71F6F1D5478B40095AB7E /* SDWebImageManager+MJ.m */ = {isa = PBXFileReference; fileEncoding = 4; lastKnownFileType = sourcecode.c.objc; path = "SDWebImageManager+MJ.m"; sourceTree = "<group>"; };
		9BD71F711D5478B40095AB7E /* MKAnnotationView+WebCache.h */ = {isa = PBXFileReference; fileEncoding = 4; lastKnownFileType = sourcecode.c.h; path = "MKAnnotationView+WebCache.h"; sourceTree = "<group>"; };
		9BD71F721D5478B40095AB7E /* MKAnnotationView+WebCache.m */ = {isa = PBXFileReference; fileEncoding = 4; lastKnownFileType = sourcecode.c.objc; path = "MKAnnotationView+WebCache.m"; sourceTree = "<group>"; };
		9BD71F731D5478B40095AB7E /* NSData+ImageContentType.h */ = {isa = PBXFileReference; fileEncoding = 4; lastKnownFileType = sourcecode.c.h; path = "NSData+ImageContentType.h"; sourceTree = "<group>"; };
		9BD71F741D5478B40095AB7E /* NSData+ImageContentType.m */ = {isa = PBXFileReference; fileEncoding = 4; lastKnownFileType = sourcecode.c.objc; path = "NSData+ImageContentType.m"; sourceTree = "<group>"; };
		9BD71F751D5478B40095AB7E /* SDImageCache.h */ = {isa = PBXFileReference; fileEncoding = 4; lastKnownFileType = sourcecode.c.h; path = SDImageCache.h; sourceTree = "<group>"; };
		9BD71F761D5478B40095AB7E /* SDImageCache.m */ = {isa = PBXFileReference; fileEncoding = 4; lastKnownFileType = sourcecode.c.objc; path = SDImageCache.m; sourceTree = "<group>"; };
		9BD71F771D5478B40095AB7E /* SDWebImageCompat.h */ = {isa = PBXFileReference; fileEncoding = 4; lastKnownFileType = sourcecode.c.h; path = SDWebImageCompat.h; sourceTree = "<group>"; };
		9BD71F781D5478B40095AB7E /* SDWebImageCompat.m */ = {isa = PBXFileReference; fileEncoding = 4; lastKnownFileType = sourcecode.c.objc; path = SDWebImageCompat.m; sourceTree = "<group>"; };
		9BD71F791D5478B40095AB7E /* SDWebImageDecoder.h */ = {isa = PBXFileReference; fileEncoding = 4; lastKnownFileType = sourcecode.c.h; path = SDWebImageDecoder.h; sourceTree = "<group>"; };
		9BD71F7A1D5478B40095AB7E /* SDWebImageDecoder.m */ = {isa = PBXFileReference; fileEncoding = 4; lastKnownFileType = sourcecode.c.objc; path = SDWebImageDecoder.m; sourceTree = "<group>"; };
		9BD71F7B1D5478B40095AB7E /* SDWebImageDownloader.h */ = {isa = PBXFileReference; fileEncoding = 4; lastKnownFileType = sourcecode.c.h; path = SDWebImageDownloader.h; sourceTree = "<group>"; };
		9BD71F7C1D5478B40095AB7E /* SDWebImageDownloader.m */ = {isa = PBXFileReference; fileEncoding = 4; lastKnownFileType = sourcecode.c.objc; path = SDWebImageDownloader.m; sourceTree = "<group>"; };
		9BD71F7D1D5478B40095AB7E /* SDWebImageDownloaderOperation.h */ = {isa = PBXFileReference; fileEncoding = 4; lastKnownFileType = sourcecode.c.h; path = SDWebImageDownloaderOperation.h; sourceTree = "<group>"; };
		9BD71F7E1D5478B40095AB7E /* SDWebImageDownloaderOperation.m */ = {isa = PBXFileReference; fileEncoding = 4; lastKnownFileType = sourcecode.c.objc; path = SDWebImageDownloaderOperation.m; sourceTree = "<group>"; };
		9BD71F7F1D5478B40095AB7E /* SDWebImageManager.h */ = {isa = PBXFileReference; fileEncoding = 4; lastKnownFileType = sourcecode.c.h; path = SDWebImageManager.h; sourceTree = "<group>"; };
		9BD71F801D5478B40095AB7E /* SDWebImageManager.m */ = {isa = PBXFileReference; fileEncoding = 4; lastKnownFileType = sourcecode.c.objc; path = SDWebImageManager.m; sourceTree = "<group>"; };
		9BD71F811D5478B40095AB7E /* SDWebImageOperation.h */ = {isa = PBXFileReference; fileEncoding = 4; lastKnownFileType = sourcecode.c.h; path = SDWebImageOperation.h; sourceTree = "<group>"; };
		9BD71F821D5478B40095AB7E /* SDWebImagePrefetcher.h */ = {isa = PBXFileReference; fileEncoding = 4; lastKnownFileType = sourcecode.c.h; path = SDWebImagePrefetcher.h; sourceTree = "<group>"; };
		9BD71F831D5478B40095AB7E /* SDWebImagePrefetcher.m */ = {isa = PBXFileReference; fileEncoding = 4; lastKnownFileType = sourcecode.c.objc; path = SDWebImagePrefetcher.m; sourceTree = "<group>"; };
		9BD71F841D5478B40095AB7E /* UIButton+WebCache.h */ = {isa = PBXFileReference; fileEncoding = 4; lastKnownFileType = sourcecode.c.h; path = "UIButton+WebCache.h"; sourceTree = "<group>"; };
		9BD71F851D5478B40095AB7E /* UIButton+WebCache.m */ = {isa = PBXFileReference; fileEncoding = 4; lastKnownFileType = sourcecode.c.objc; path = "UIButton+WebCache.m"; sourceTree = "<group>"; };
		9BD71F861D5478B40095AB7E /* UIImage+GIF.h */ = {isa = PBXFileReference; fileEncoding = 4; lastKnownFileType = sourcecode.c.h; path = "UIImage+GIF.h"; sourceTree = "<group>"; };
		9BD71F871D5478B40095AB7E /* UIImage+GIF.m */ = {isa = PBXFileReference; fileEncoding = 4; lastKnownFileType = sourcecode.c.objc; path = "UIImage+GIF.m"; sourceTree = "<group>"; };
		9BD71F881D5478B40095AB7E /* UIImage+MultiFormat.h */ = {isa = PBXFileReference; fileEncoding = 4; lastKnownFileType = sourcecode.c.h; path = "UIImage+MultiFormat.h"; sourceTree = "<group>"; };
		9BD71F891D5478B40095AB7E /* UIImage+MultiFormat.m */ = {isa = PBXFileReference; fileEncoding = 4; lastKnownFileType = sourcecode.c.objc; path = "UIImage+MultiFormat.m"; sourceTree = "<group>"; };
		9BD71F8A1D5478B40095AB7E /* UIImage+WebP.h */ = {isa = PBXFileReference; fileEncoding = 4; lastKnownFileType = sourcecode.c.h; path = "UIImage+WebP.h"; sourceTree = "<group>"; };
		9BD71F8B1D5478B40095AB7E /* UIImage+WebP.m */ = {isa = PBXFileReference; fileEncoding = 4; lastKnownFileType = sourcecode.c.objc; path = "UIImage+WebP.m"; sourceTree = "<group>"; };
		9BD71F8C1D5478B40095AB7E /* UIImageView+HighlightedWebCache.h */ = {isa = PBXFileReference; fileEncoding = 4; lastKnownFileType = sourcecode.c.h; path = "UIImageView+HighlightedWebCache.h"; sourceTree = "<group>"; };
		9BD71F8D1D5478B40095AB7E /* UIImageView+HighlightedWebCache.m */ = {isa = PBXFileReference; fileEncoding = 4; lastKnownFileType = sourcecode.c.objc; path = "UIImageView+HighlightedWebCache.m"; sourceTree = "<group>"; };
		9BD71F8E1D5478B40095AB7E /* UIImageView+WebCache.h */ = {isa = PBXFileReference; fileEncoding = 4; lastKnownFileType = sourcecode.c.h; path = "UIImageView+WebCache.h"; sourceTree = "<group>"; };
		9BD71F8F1D5478B40095AB7E /* UIImageView+WebCache.m */ = {isa = PBXFileReference; fileEncoding = 4; lastKnownFileType = sourcecode.c.objc; path = "UIImageView+WebCache.m"; sourceTree = "<group>"; };
		9BD71F901D5478B40095AB7E /* UIView+WebCacheOperation.h */ = {isa = PBXFileReference; fileEncoding = 4; lastKnownFileType = sourcecode.c.h; path = "UIView+WebCacheOperation.h"; sourceTree = "<group>"; };
		9BD71F911D5478B40095AB7E /* UIView+WebCacheOperation.m */ = {isa = PBXFileReference; fileEncoding = 4; lastKnownFileType = sourcecode.c.objc; path = "UIView+WebCacheOperation.m"; sourceTree = "<group>"; };
		9BD71FAA1D5478EF0095AB7E /* TFPhoto.h */ = {isa = PBXFileReference; fileEncoding = 4; lastKnownFileType = sourcecode.c.h; path = TFPhoto.h; sourceTree = "<group>"; };
		9BD71FAB1D5478EF0095AB7E /* TFPhoto.m */ = {isa = PBXFileReference; fileEncoding = 4; lastKnownFileType = sourcecode.c.objc; path = TFPhoto.m; sourceTree = "<group>"; };
		9BD71FAD1D5495030095AB7E /* InterView.pch */ = {isa = PBXFileReference; lastKnownFileType = sourcecode.c.h; path = InterView.pch; sourceTree = "<group>"; };
		9BD71FAE1D54D0700095AB7E /* TFImageView.h */ = {isa = PBXFileReference; fileEncoding = 4; lastKnownFileType = sourcecode.c.h; path = TFImageView.h; sourceTree = "<group>"; };
		9BD71FAF1D54D0700095AB7E /* TFImageView.m */ = {isa = PBXFileReference; fileEncoding = 4; lastKnownFileType = sourcecode.c.objc; path = TFImageView.m; sourceTree = "<group>"; };
		9BEE8A751D55A3F000EC93B8 /* MJRefresh.bundle */ = {isa = PBXFileReference; lastKnownFileType = "wrapper.plug-in"; path = MJRefresh.bundle; sourceTree = "<group>"; };
		9BEE8A761D55A3F000EC93B8 /* MJRefresh.h */ = {isa = PBXFileReference; fileEncoding = 4; lastKnownFileType = sourcecode.c.h; path = MJRefresh.h; sourceTree = "<group>"; };
		9BEE8A771D55A3F000EC93B8 /* MJRefreshBaseView.h */ = {isa = PBXFileReference; fileEncoding = 4; lastKnownFileType = sourcecode.c.h; path = MJRefreshBaseView.h; sourceTree = "<group>"; };
		9BEE8A781D55A3F000EC93B8 /* MJRefreshBaseView.m */ = {isa = PBXFileReference; fileEncoding = 4; lastKnownFileType = sourcecode.c.objc; path = MJRefreshBaseView.m; sourceTree = "<group>"; };
		9BEE8A791D55A3F000EC93B8 /* MJRefreshConst.h */ = {isa = PBXFileReference; fileEncoding = 4; lastKnownFileType = sourcecode.c.h; path = MJRefreshConst.h; sourceTree = "<group>"; };
		9BEE8A7A1D55A3F000EC93B8 /* MJRefreshConst.m */ = {isa = PBXFileReference; fileEncoding = 4; lastKnownFileType = sourcecode.c.objc; path = MJRefreshConst.m; sourceTree = "<group>"; };
		9BEE8A7B1D55A3F000EC93B8 /* MJRefreshFooterView.h */ = {isa = PBXFileReference; fileEncoding = 4; lastKnownFileType = sourcecode.c.h; path = MJRefreshFooterView.h; sourceTree = "<group>"; };
		9BEE8A7C1D55A3F000EC93B8 /* MJRefreshFooterView.m */ = {isa = PBXFileReference; fileEncoding = 4; lastKnownFileType = sourcecode.c.objc; path = MJRefreshFooterView.m; sourceTree = "<group>"; };
		9BEE8A7D1D55A3F000EC93B8 /* MJRefreshHeaderView.h */ = {isa = PBXFileReference; fileEncoding = 4; lastKnownFileType = sourcecode.c.h; path = MJRefreshHeaderView.h; sourceTree = "<group>"; };
		9BEE8A7E1D55A3F000EC93B8 /* MJRefreshHeaderView.m */ = {isa = PBXFileReference; fileEncoding = 4; lastKnownFileType = sourcecode.c.objc; path = MJRefreshHeaderView.m; sourceTree = "<group>"; };
		9BEE8A7F1D55A3F000EC93B8 /* UIScrollView+MJExtension.h */ = {isa = PBXFileReference; fileEncoding = 4; lastKnownFileType = sourcecode.c.h; path = "UIScrollView+MJExtension.h"; sourceTree = "<group>"; };
		9BEE8A801D55A3F000EC93B8 /* UIScrollView+MJExtension.m */ = {isa = PBXFileReference; fileEncoding = 4; lastKnownFileType = sourcecode.c.objc; path = "UIScrollView+MJExtension.m"; sourceTree = "<group>"; };
		9BEE8A811D55A3F000EC93B8 /* UIScrollView+MJRefresh.h */ = {isa = PBXFileReference; fileEncoding = 4; lastKnownFileType = sourcecode.c.h; path = "UIScrollView+MJRefresh.h"; sourceTree = "<group>"; };
		9BEE8A821D55A3F000EC93B8 /* UIScrollView+MJRefresh.m */ = {isa = PBXFileReference; fileEncoding = 4; lastKnownFileType = sourcecode.c.objc; path = "UIScrollView+MJRefresh.m"; sourceTree = "<group>"; };
		9BEE8A831D55A3F000EC93B8 /* UIView+MJExtension.h */ = {isa = PBXFileReference; fileEncoding = 4; lastKnownFileType = sourcecode.c.h; path = "UIView+MJExtension.h"; sourceTree = "<group>"; };
		9BEE8A841D55A3F000EC93B8 /* UIView+MJExtension.m */ = {isa = PBXFileReference; fileEncoding = 4; lastKnownFileType = sourcecode.c.objc; path = "UIView+MJExtension.m"; sourceTree = "<group>"; };
		9BEF0D581D54332A00493837 /* TFTableViewCell.h */ = {isa = PBXFileReference; fileEncoding = 4; lastKnownFileType = sourcecode.c.h; path = TFTableViewCell.h; sourceTree = "<group>"; };
		9BEF0D591D54332A00493837 /* TFTableViewCell.m */ = {isa = PBXFileReference; fileEncoding = 4; lastKnownFileType = sourcecode.c.objc; path = TFTableViewCell.m; sourceTree = "<group>"; };
		9BEF0D5B1D5434BA00493837 /* TFDataFrameItem.h */ = {isa = PBXFileReference; fileEncoding = 4; lastKnownFileType = sourcecode.c.h; path = TFDataFrameItem.h; sourceTree = "<group>"; };
		9BEF0D5C1D5434BA00493837 /* TFDataFrameItem.m */ = {isa = PBXFileReference; fileEncoding = 4; lastKnownFileType = sourcecode.c.objc; path = TFDataFrameItem.m; sourceTree = "<group>"; };
		9BEF0D5E1D5436DF00493837 /* TFTextView.h */ = {isa = PBXFileReference; fileEncoding = 4; lastKnownFileType = sourcecode.c.h; path = TFTextView.h; sourceTree = "<group>"; };
		9BEF0D5F1D5436DF00493837 /* TFTextView.m */ = {isa = PBXFileReference; fileEncoding = 4; lastKnownFileType = sourcecode.c.objc; path = TFTextView.m; sourceTree = "<group>"; };
		9BF5445A1D532F8C004D7811 /* InterViewDemo.app */ = {isa = PBXFileReference; explicitFileType = wrapper.application; includeInIndex = 0; path = InterViewDemo.app; sourceTree = BUILT_PRODUCTS_DIR; };
		9BF5445E1D532F8C004D7811 /* Info.plist */ = {isa = PBXFileReference; lastKnownFileType = text.plist.xml; path = Info.plist; sourceTree = "<group>"; };
		9BF5445F1D532F8C004D7811 /* main.m */ = {isa = PBXFileReference; lastKnownFileType = sourcecode.c.objc; path = main.m; sourceTree = "<group>"; };
		9BF544611D532F8C004D7811 /* AppDelegate.h */ = {isa = PBXFileReference; lastKnownFileType = sourcecode.c.h; path = AppDelegate.h; sourceTree = "<group>"; };
		9BF544621D532F8C004D7811 /* AppDelegate.m */ = {isa = PBXFileReference; lastKnownFileType = sourcecode.c.objc; path = AppDelegate.m; sourceTree = "<group>"; };
		9BF544681D532F8C004D7811 /* Base */ = {isa = PBXFileReference; lastKnownFileType = file.storyboard; name = Base; path = Base.lproj/Main.storyboard; sourceTree = "<group>"; };
		9BF5446A1D532F8C004D7811 /* Images.xcassets */ = {isa = PBXFileReference; lastKnownFileType = folder.assetcatalog; path = Images.xcassets; sourceTree = "<group>"; };
		9BF5446D1D532F8C004D7811 /* Base */ = {isa = PBXFileReference; lastKnownFileType = file.xib; name = Base; path = Base.lproj/LaunchScreen.xib; sourceTree = "<group>"; };
		9BF544731D532F8C004D7811 /* InterViewDemoTests.xctest */ = {isa = PBXFileReference; explicitFileType = wrapper.cfbundle; includeInIndex = 0; path = InterViewDemoTests.xctest; sourceTree = BUILT_PRODUCTS_DIR; };
		9BF544781D532F8C004D7811 /* Info.plist */ = {isa = PBXFileReference; lastKnownFileType = text.plist.xml; path = Info.plist; sourceTree = "<group>"; };
		9BF544791D532F8C004D7811 /* InterViewDemoTests.m */ = {isa = PBXFileReference; lastKnownFileType = sourcecode.c.objc; path = InterViewDemoTests.m; sourceTree = "<group>"; };
		9BF544871D533391004D7811 /* TFTabBarController.h */ = {isa = PBXFileReference; fileEncoding = 4; lastKnownFileType = sourcecode.c.h; path = TFTabBarController.h; sourceTree = "<group>"; };
		9BF544881D533391004D7811 /* TFTabBarController.m */ = {isa = PBXFileReference; fileEncoding = 4; lastKnownFileType = sourcecode.c.objc; path = TFTabBarController.m; sourceTree = "<group>"; };
		9BF5448C1D533428004D7811 /* TFBasicController.h */ = {isa = PBXFileReference; fileEncoding = 4; lastKnownFileType = sourcecode.c.h; name = TFBasicController.h; path = ../view/TFBasicController.h; sourceTree = "<group>"; };
		9BF5448D1D533428004D7811 /* TFBasicController.m */ = {isa = PBXFileReference; fileEncoding = 4; lastKnownFileType = sourcecode.c.objc; name = TFBasicController.m; path = ../view/TFBasicController.m; sourceTree = "<group>"; };
		9BF5448F1D533576004D7811 /* TFMessageController.h */ = {isa = PBXFileReference; fileEncoding = 4; lastKnownFileType = sourcecode.c.h; name = TFMessageController.h; path = ../view/TFMessageController.h; sourceTree = "<group>"; };
		9BF544901D533576004D7811 /* TFMessageController.m */ = {isa = PBXFileReference; fileEncoding = 4; lastKnownFileType = sourcecode.c.objc; name = TFMessageController.m; path = ../view/TFMessageController.m; sourceTree = "<group>"; };
		9BF544921D5335C7004D7811 /* TFDiscoverControlelr.h */ = {isa = PBXFileReference; fileEncoding = 4; lastKnownFileType = sourcecode.c.h; name = TFDiscoverControlelr.h; path = ../view/TFDiscoverControlelr.h; sourceTree = "<group>"; };
		9BF544931D5335C7004D7811 /* TFDiscoverControlelr.m */ = {isa = PBXFileReference; fileEncoding = 4; lastKnownFileType = sourcecode.c.objc; name = TFDiscoverControlelr.m; path = ../view/TFDiscoverControlelr.m; sourceTree = "<group>"; };
		9BF544951D533826004D7811 /* TFMessageController.xib */ = {isa = PBXFileReference; fileEncoding = 4; lastKnownFileType = file.xib; path = TFMessageController.xib; sourceTree = "<group>"; };
		9BF544971D533FEC004D7811 /* TFContentController.h */ = {isa = PBXFileReference; fileEncoding = 4; lastKnownFileType = sourcecode.c.h; path = TFContentController.h; sourceTree = "<group>"; };
		9BF544981D533FEC004D7811 /* TFContentController.m */ = {isa = PBXFileReference; fileEncoding = 4; lastKnownFileType = sourcecode.c.objc; path = TFContentController.m; sourceTree = "<group>"; };
		9BF5449A1D534054004D7811 /* TFContentController.xib */ = {isa = PBXFileReference; fileEncoding = 4; lastKnownFileType = file.xib; path = TFContentController.xib; sourceTree = "<group>"; };
		9BF5449C1D537143004D7811 /* TFDataItem.h */ = {isa = PBXFileReference; fileEncoding = 4; lastKnownFileType = sourcecode.c.h; path = TFDataItem.h; sourceTree = "<group>"; };
		9BF5449D1D537143004D7811 /* TFDataItem.m */ = {isa = PBXFileReference; fileEncoding = 4; lastKnownFileType = sourcecode.c.objc; path = TFDataItem.m; sourceTree = "<group>"; };
		9BF544A01D537C5F004D7811 /* TFDataStoreTool.h */ = {isa = PBXFileReference; fileEncoding = 4; lastKnownFileType = sourcecode.c.h; path = TFDataStoreTool.h; sourceTree = "<group>"; };
		9BF544A11D537C5F004D7811 /* TFDataStoreTool.m */ = {isa = PBXFileReference; fileEncoding = 4; lastKnownFileType = sourcecode.c.objc; path = TFDataStoreTool.m; sourceTree = "<group>"; };
		9BF544A31D537CAF004D7811 /* Singleton.h */ = {isa = PBXFileReference; fileEncoding = 4; lastKnownFileType = sourcecode.c.h; path = Singleton.h; sourceTree = "<group>"; };
/* End PBXFileReference section */

/* Begin PBXFrameworksBuildPhase section */
		9BF544571D532F8C004D7811 /* Frameworks */ = {
			isa = PBXFrameworksBuildPhase;
			buildActionMask = 2147483647;
			files = (
				9B01F2D91D570635003DFE6F /* libsqlite3.0.dylib in Frameworks */,
			);
			runOnlyForDeploymentPostprocessing = 0;
		};
		9BF544701D532F8C004D7811 /* Frameworks */ = {
			isa = PBXFrameworksBuildPhase;
			buildActionMask = 2147483647;
			files = (
			);
			runOnlyForDeploymentPostprocessing = 0;
		};
/* End PBXFrameworksBuildPhase section */

/* Begin PBXGroup section */
		9BD71F5F1D5478B40095AB7E /* Lib */ = {
			isa = PBXGroup;
			children = (
				9BEE8A741D55A3F000EC93B8 /* MJRefresh */,
				9BD71F601D5478B40095AB7E /* MJPhoto */,
				9BD71F701D5478B40095AB7E /* SDWebImage */,
			);
			path = Lib;
			sourceTree = "<group>";
		};
		9BD71F601D5478B40095AB7E /* MJPhoto */ = {
			isa = PBXGroup;
			children = (
				9BD71F611D5478B40095AB7E /* MJPhoto.h */,
				9BD71F621D5478B40095AB7E /* MJPhoto.m */,
				9BD71F631D5478B40095AB7E /* MJPhotoBrowser.bundle */,
				9BD71F641D5478B40095AB7E /* MJPhotoBrowser.h */,
				9BD71F651D5478B40095AB7E /* MJPhotoBrowser.m */,
				9BD71F661D5478B40095AB7E /* MJPhotoLoadingView.h */,
				9BD71F671D5478B40095AB7E /* MJPhotoLoadingView.m */,
				9BD71F681D5478B40095AB7E /* MJPhotoProgressView.h */,
				9BD71F691D5478B40095AB7E /* MJPhotoProgressView.m */,
				9BD71F6A1D5478B40095AB7E /* MJPhotoToolbar.h */,
				9BD71F6B1D5478B40095AB7E /* MJPhotoToolbar.m */,
				9BD71F6C1D5478B40095AB7E /* MJPhotoView.h */,
				9BD71F6D1D5478B40095AB7E /* MJPhotoView.m */,
				9BD71F6E1D5478B40095AB7E /* SDWebImageManager+MJ.h */,
				9BD71F6F1D5478B40095AB7E /* SDWebImageManager+MJ.m */,
			);
			path = MJPhoto;
			sourceTree = "<group>";
		};
		9BD71F701D5478B40095AB7E /* SDWebImage */ = {
			isa = PBXGroup;
			children = (
				9BD71F711D5478B40095AB7E /* MKAnnotationView+WebCache.h */,
				9BD71F721D5478B40095AB7E /* MKAnnotationView+WebCache.m */,
				9BD71F731D5478B40095AB7E /* NSData+ImageContentType.h */,
				9BD71F741D5478B40095AB7E /* NSData+ImageContentType.m */,
				9BD71F751D5478B40095AB7E /* SDImageCache.h */,
				9BD71F761D5478B40095AB7E /* SDImageCache.m */,
				9BD71F771D5478B40095AB7E /* SDWebImageCompat.h */,
				9BD71F781D5478B40095AB7E /* SDWebImageCompat.m */,
				9BD71F791D5478B40095AB7E /* SDWebImageDecoder.h */,
				9BD71F7A1D5478B40095AB7E /* SDWebImageDecoder.m */,
				9BD71F7B1D5478B40095AB7E /* SDWebImageDownloader.h */,
				9BD71F7C1D5478B40095AB7E /* SDWebImageDownloader.m */,
				9BD71F7D1D5478B40095AB7E /* SDWebImageDownloaderOperation.h */,
				9BD71F7E1D5478B40095AB7E /* SDWebImageDownloaderOperation.m */,
				9BD71F7F1D5478B40095AB7E /* SDWebImageManager.h */,
				9BD71F801D5478B40095AB7E /* SDWebImageManager.m */,
				9BD71F811D5478B40095AB7E /* SDWebImageOperation.h */,
				9BD71F821D5478B40095AB7E /* SDWebImagePrefetcher.h */,
				9BD71F831D5478B40095AB7E /* SDWebImagePrefetcher.m */,
				9BD71F841D5478B40095AB7E /* UIButton+WebCache.h */,
				9BD71F851D5478B40095AB7E /* UIButton+WebCache.m */,
				9BD71F861D5478B40095AB7E /* UIImage+GIF.h */,
				9BD71F871D5478B40095AB7E /* UIImage+GIF.m */,
				9BD71F881D5478B40095AB7E /* UIImage+MultiFormat.h */,
				9BD71F891D5478B40095AB7E /* UIImage+MultiFormat.m */,
				9BD71F8A1D5478B40095AB7E /* UIImage+WebP.h */,
				9BD71F8B1D5478B40095AB7E /* UIImage+WebP.m */,
				9BD71F8C1D5478B40095AB7E /* UIImageView+HighlightedWebCache.h */,
				9BD71F8D1D5478B40095AB7E /* UIImageView+HighlightedWebCache.m */,
				9BD71F8E1D5478B40095AB7E /* UIImageView+WebCache.h */,
				9BD71F8F1D5478B40095AB7E /* UIImageView+WebCache.m */,
				9BD71F901D5478B40095AB7E /* UIView+WebCacheOperation.h */,
				9BD71F911D5478B40095AB7E /* UIView+WebCacheOperation.m */,
			);
			path = SDWebImage;
			sourceTree = "<group>";
		};
		9BEE8A741D55A3F000EC93B8 /* MJRefresh */ = {
			isa = PBXGroup;
			children = (
				9BEE8A751D55A3F000EC93B8 /* MJRefresh.bundle */,
				9BEE8A761D55A3F000EC93B8 /* MJRefresh.h */,
				9BEE8A771D55A3F000EC93B8 /* MJRefreshBaseView.h */,
				9BEE8A781D55A3F000EC93B8 /* MJRefreshBaseView.m */,
				9BEE8A791D55A3F000EC93B8 /* MJRefreshConst.h */,
				9BEE8A7A1D55A3F000EC93B8 /* MJRefreshConst.m */,
				9BEE8A7B1D55A3F000EC93B8 /* MJRefreshFooterView.h */,
				9BEE8A7C1D55A3F000EC93B8 /* MJRefreshFooterView.m */,
				9BEE8A7D1D55A3F000EC93B8 /* MJRefreshHeaderView.h */,
				9BEE8A7E1D55A3F000EC93B8 /* MJRefreshHeaderView.m */,
				9BEE8A7F1D55A3F000EC93B8 /* UIScrollView+MJExtension.h */,
				9BEE8A801D55A3F000EC93B8 /* UIScrollView+MJExtension.m */,
				9BEE8A811D55A3F000EC93B8 /* UIScrollView+MJRefresh.h */,
				9BEE8A821D55A3F000EC93B8 /* UIScrollView+MJRefresh.m */,
				9BEE8A831D55A3F000EC93B8 /* UIView+MJExtension.h */,
				9BEE8A841D55A3F000EC93B8 /* UIView+MJExtension.m */,
			);
			path = MJRefresh;
			sourceTree = "<group>";
		};
		9BF544511D532F8C004D7811 = {
			isa = PBXGroup;
			children = (
				9B01F2D81D570635003DFE6F /* libsqlite3.0.dylib */,
				9BF5445C1D532F8C004D7811 /* InterViewDemo */,
				9BF544761D532F8C004D7811 /* InterViewDemoTests */,
				9BF5445B1D532F8C004D7811 /* Products */,
			);
			sourceTree = "<group>";
		};
		9BF5445B1D532F8C004D7811 /* Products */ = {
			isa = PBXGroup;
			children = (
				9BF5445A1D532F8C004D7811 /* InterViewDemo.app */,
				9BF544731D532F8C004D7811 /* InterViewDemoTests.xctest */,
			);
			name = Products;
			sourceTree = "<group>";
		};
		9BF5445C1D532F8C004D7811 /* InterViewDemo */ = {
			isa = PBXGroup;
			children = (
				9BD71FAA1D5478EF0095AB7E /* TFPhoto.h */,
				9BD71FAB1D5478EF0095AB7E /* TFPhoto.m */,
				9BD71FAD1D5495030095AB7E /* InterView.pch */,
				9BD71F5F1D5478B40095AB7E /* Lib */,
				9BF5449F1D537C31004D7811 /* tool */,
				9BF544861D533391004D7811 /* controller */,
				9BF544891D533391004D7811 /* model */,
				9BF5448A1D533391004D7811 /* view */,
				9BF544611D532F8C004D7811 /* AppDelegate.h */,
				9BF544621D532F8C004D7811 /* AppDelegate.m */,
				9BF544671D532F8C004D7811 /* Main.storyboard */,
				9BF5446A1D532F8C004D7811 /* Images.xcassets */,
				9BF5446C1D532F8C004D7811 /* LaunchScreen.xib */,
				9BF5445D1D532F8C004D7811 /* Supporting Files */,
			);
			path = InterViewDemo;
			sourceTree = "<group>";
		};
		9BF5445D1D532F8C004D7811 /* Supporting Files */ = {
			isa = PBXGroup;
			children = (
				9BF5445E1D532F8C004D7811 /* Info.plist */,
				9BF5445F1D532F8C004D7811 /* main.m */,
			);
			name = "Supporting Files";
			sourceTree = "<group>";
		};
		9BF544761D532F8C004D7811 /* InterViewDemoTests */ = {
			isa = PBXGroup;
			children = (
				9BF544791D532F8C004D7811 /* InterViewDemoTests.m */,
				9BF544771D532F8C004D7811 /* Supporting Files */,
			);
			path = InterViewDemoTests;
			sourceTree = "<group>";
		};
		9BF544771D532F8C004D7811 /* Supporting Files */ = {
			isa = PBXGroup;
			children = (
				9BF544781D532F8C004D7811 /* Info.plist */,
			);
			name = "Supporting Files";
			sourceTree = "<group>";
		};
		9BF544861D533391004D7811 /* controller */ = {
			isa = PBXGroup;
			children = (
				9BF544871D533391004D7811 /* TFTabBarController.h */,
				9BF544881D533391004D7811 /* TFTabBarController.m */,
				9BF5448C1D533428004D7811 /* TFBasicController.h */,
				9BF5448D1D533428004D7811 /* TFBasicController.m */,
				9BF5448F1D533576004D7811 /* TFMessageController.h */,
				9BF544901D533576004D7811 /* TFMessageController.m */,
				9BF544951D533826004D7811 /* TFMessageController.xib */,
				9BF544921D5335C7004D7811 /* TFDiscoverControlelr.h */,
				9BF544931D5335C7004D7811 /* TFDiscoverControlelr.m */,
				9BF544971D533FEC004D7811 /* TFContentController.h */,
				9BF544981D533FEC004D7811 /* TFContentController.m */,
				9BF5449A1D534054004D7811 /* TFContentController.xib */,
			);
			path = controller;
			sourceTree = "<group>";
		};
		9BF544891D533391004D7811 /* model */ = {
			isa = PBXGroup;
			children = (
				9BF5449C1D537143004D7811 /* TFDataItem.h */,
				9BF5449D1D537143004D7811 /* TFDataItem.m */,
				9BEF0D5B1D5434BA00493837 /* TFDataFrameItem.h */,
				9BEF0D5C1D5434BA00493837 /* TFDataFrameItem.m */,
			);
			path = model;
			sourceTree = "<group>";
		};
		9BF5448A1D533391004D7811 /* view */ = {
			isa = PBXGroup;
			children = (
				9BD71F5C1D54767B0095AB7E /* TFPhotosView.h */,
				9BD71F5D1D54767B0095AB7E /* TFPhotosView.m */,
				9BEF0D581D54332A00493837 /* TFTableViewCell.h */,
				9BEF0D591D54332A00493837 /* TFTableViewCell.m */,
				9BEF0D5E1D5436DF00493837 /* TFTextView.h */,
				9BEF0D5F1D5436DF00493837 /* TFTextView.m */,
				9BD71FAE1D54D0700095AB7E /* TFImageView.h */,
				9BD71FAF1D54D0700095AB7E /* TFImageView.m */,
			);
			path = view;
			sourceTree = "<group>";
		};
		9BF5449F1D537C31004D7811 /* tool */ = {
			isa = PBXGroup;
			children = (
				9BF544A31D537CAF004D7811 /* Singleton.h */,
				9BF544A01D537C5F004D7811 /* TFDataStoreTool.h */,
				9BF544A11D537C5F004D7811 /* TFDataStoreTool.m */,
			);
			path = tool;
			sourceTree = "<group>";
		};
/* End PBXGroup section */

/* Begin PBXNativeTarget section */
		9BF544591D532F8C004D7811 /* InterViewDemo */ = {
			isa = PBXNativeTarget;
			buildConfigurationList = 9BF5447D1D532F8C004D7811 /* Build configuration list for PBXNativeTarget "InterViewDemo" */;
			buildPhases = (
				9BF544561D532F8C004D7811 /* Sources */,
				9BF544571D532F8C004D7811 /* Frameworks */,
				9BF544581D532F8C004D7811 /* Resources */,
			);
			buildRules = (
			);
			dependencies = (
			);
			name = InterViewDemo;
			productName = InterViewDemo;
			productReference = 9BF5445A1D532F8C004D7811 /* InterViewDemo.app */;
			productType = "com.apple.product-type.application";
		};
		9BF544721D532F8C004D7811 /* InterViewDemoTests */ = {
			isa = PBXNativeTarget;
			buildConfigurationList = 9BF544801D532F8C004D7811 /* Build configuration list for PBXNativeTarget "InterViewDemoTests" */;
			buildPhases = (
				9BF5446F1D532F8C004D7811 /* Sources */,
				9BF544701D532F8C004D7811 /* Frameworks */,
				9BF544711D532F8C004D7811 /* Resources */,
			);
			buildRules = (
			);
			dependencies = (
				9BF544751D532F8C004D7811 /* PBXTargetDependency */,
			);
			name = InterViewDemoTests;
			productName = InterViewDemoTests;
			productReference = 9BF544731D532F8C004D7811 /* InterViewDemoTests.xctest */;
			productType = "com.apple.product-type.bundle.unit-test";
		};
/* End PBXNativeTarget section */

/* Begin PBXProject section */
		9BF544521D532F8C004D7811 /* Project object */ = {
			isa = PBXProject;
			attributes = {
				CLASSPREFIX = TF;
				LastUpgradeCheck = 0640;
				ORGANIZATIONNAME = yangxiaofei;
				TargetAttributes = {
					9BF544591D532F8C004D7811 = {
						CreatedOnToolsVersion = 6.4;
					};
					9BF544721D532F8C004D7811 = {
						CreatedOnToolsVersion = 6.4;
						TestTargetID = 9BF544591D532F8C004D7811;
					};
				};
			};
			buildConfigurationList = 9BF544551D532F8C004D7811 /* Build configuration list for PBXProject "InterViewDemo" */;
			compatibilityVersion = "Xcode 3.2";
			developmentRegion = English;
			hasScannedForEncodings = 0;
			knownRegions = (
				en,
				Base,
			);
			mainGroup = 9BF544511D532F8C004D7811;
			productRefGroup = 9BF5445B1D532F8C004D7811 /* Products */;
			projectDirPath = "";
			projectRoot = "";
			targets = (
				9BF544591D532F8C004D7811 /* InterViewDemo */,
				9BF544721D532F8C004D7811 /* InterViewDemoTests */,
			);
		};
/* End PBXProject section */

/* Begin PBXResourcesBuildPhase section */
		9BF544581D532F8C004D7811 /* Resources */ = {
			isa = PBXResourcesBuildPhase;
			buildActionMask = 2147483647;
			files = (
				9BD71F931D5478B40095AB7E /* MJPhotoBrowser.bundle in Resources */,
				9BF544691D532F8C004D7811 /* Main.storyboard in Resources */,
				9BEE8A851D55A3F000EC93B8 /* MJRefresh.bundle in Resources */,
				9BF5446E1D532F8C004D7811 /* LaunchScreen.xib in Resources */,
				9BF5446B1D532F8C004D7811 /* Images.xcassets in Resources */,
				9BF544961D533826004D7811 /* TFMessageController.xib in Resources */,
				9BF5449B1D534054004D7811 /* TFContentController.xib in Resources */,
			);
			runOnlyForDeploymentPostprocessing = 0;
		};
		9BF544711D532F8C004D7811 /* Resources */ = {
			isa = PBXResourcesBuildPhase;
			buildActionMask = 2147483647;
			files = (
			);
			runOnlyForDeploymentPostprocessing = 0;
		};
/* End PBXResourcesBuildPhase section */

/* Begin PBXSourcesBuildPhase section */
		9BF544561D532F8C004D7811 /* Sources */ = {
			isa = PBXSourcesBuildPhase;
			buildActionMask = 2147483647;
			files = (
				9BD71FA71D5478B40095AB7E /* UIImageView+HighlightedWebCache.m in Sources */,
				9BF544991D533FEC004D7811 /* TFContentController.m in Sources */,
				9BD71FA11D5478B40095AB7E /* SDWebImageManager.m in Sources */,
				9BD71F9D1D5478B40095AB7E /* SDWebImageCompat.m in Sources */,
				9BD71FA21D5478B40095AB7E /* SDWebImagePrefetcher.m in Sources */,
				9BD71F921D5478B40095AB7E /* MJPhoto.m in Sources */,
				9BEE8A861D55A3F000EC93B8 /* MJRefreshBaseView.m in Sources */,
				9BD71FB01D54D0700095AB7E /* TFImageView.m in Sources */,
				9BD71F9C1D5478B40095AB7E /* SDImageCache.m in Sources */,
				9BD71F991D5478B40095AB7E /* SDWebImageManager+MJ.m in Sources */,
				9BD71FA31D5478B40095AB7E /* UIButton+WebCache.m in Sources */,
				9BEF0D601D5436DF00493837 /* TFTextView.m in Sources */,
				9BEE8A8B1D55A3F000EC93B8 /* UIScrollView+MJRefresh.m in Sources */,
				9BEE8A8A1D55A3F000EC93B8 /* UIScrollView+MJExtension.m in Sources */,
				9BEF0D5D1D5434BA00493837 /* TFDataFrameItem.m in Sources */,
				9BD71FA61D5478B40095AB7E /* UIImage+WebP.m in Sources */,
				9BEF0D5A1D54332A00493837 /* TFTableViewCell.m in Sources */,
				9BF544941D5335C7004D7811 /* TFDiscoverControlelr.m in Sources */,
				9BD71F5E1D54767B0095AB7E /* TFPhotosView.m in Sources */,
				9BD71FA41D5478B40095AB7E /* UIImage+GIF.m in Sources */,
				9BD71FA91D5478B40095AB7E /* UIView+WebCacheOperation.m in Sources */,
				9BF5449E1D537143004D7811 /* TFDataItem.m in Sources */,
				9BF544631D532F8C004D7811 /* AppDelegate.m in Sources */,
				9BD71FA51D5478B40095AB7E /* UIImage+MultiFormat.m in Sources */,
				9BD71F9E1D5478B40095AB7E /* SDWebImageDecoder.m in Sources */,
				9BD71F9B1D5478B40095AB7E /* NSData+ImageContentType.m in Sources */,
				9BEE8A871D55A3F000EC93B8 /* MJRefreshConst.m in Sources */,
				9BD71F971D5478B40095AB7E /* MJPhotoToolbar.m in Sources */,
				9BD71FA01D5478B40095AB7E /* SDWebImageDownloaderOperation.m in Sources */,
				9BD71F9A1D5478B40095AB7E /* MKAnnotationView+WebCache.m in Sources */,
				9BD71F981D5478B40095AB7E /* MJPhotoView.m in Sources */,
				9BEE8A8C1D55A3F000EC93B8 /* UIView+MJExtension.m in Sources */,
				9BD71FAC1D5478EF0095AB7E /* TFPhoto.m in Sources */,
				9BEE8A891D55A3F000EC93B8 /* MJRefreshHeaderView.m in Sources */,
				9BD71F951D5478B40095AB7E /* MJPhotoLoadingView.m in Sources */,
				9BF5448E1D533428004D7811 /* TFBasicController.m in Sources */,
				9BD71F941D5478B40095AB7E /* MJPhotoBrowser.m in Sources */,
				9BD71F9F1D5478B40095AB7E /* SDWebImageDownloader.m in Sources */,
				9BEE8A881D55A3F000EC93B8 /* MJRefreshFooterView.m in Sources */,
				9BF544911D533576004D7811 /* TFMessageController.m in Sources */,
				9BD71F961D5478B40095AB7E /* MJPhotoProgressView.m in Sources */,
				9BF544A21D537C5F004D7811 /* TFDataStoreTool.m in Sources */,
				9BD71FA81D5478B40095AB7E /* UIImageView+WebCache.m in Sources */,
				9BF544601D532F8C004D7811 /* main.m in Sources */,
				9BF5448B1D533391004D7811 /* TFTabBarController.m in Sources */,
			);
			runOnlyForDeploymentPostprocessing = 0;
		};
		9BF5446F1D532F8C004D7811 /* Sources */ = {
			isa = PBXSourcesBuildPhase;
			buildActionMask = 2147483647;
			files = (
				9BF5447A1D532F8C004D7811 /* InterViewDemoTests.m in Sources */,
			);
			runOnlyForDeploymentPostprocessing = 0;
		};
/* End PBXSourcesBuildPhase section */

/* Begin PBXTargetDependency section */
		9BF544751D532F8C004D7811 /* PBXTargetDependency */ = {
			isa = PBXTargetDependency;
			target = 9BF544591D532F8C004D7811 /* InterViewDemo */;
			targetProxy = 9BF544741D532F8C004D7811 /* PBXContainerItemProxy */;
		};
/* End PBXTargetDependency section */

/* Begin PBXVariantGroup section */
		9BF544671D532F8C004D7811 /* Main.storyboard */ = {
			isa = PBXVariantGroup;
			children = (
				9BF544681D532F8C004D7811 /* Base */,
			);
			name = Main.storyboard;
			sourceTree = "<group>";
		};
		9BF5446C1D532F8C004D7811 /* LaunchScreen.xib */ = {
			isa = PBXVariantGroup;
			children = (
				9BF5446D1D532F8C004D7811 /* Base */,
			);
			name = LaunchScreen.xib;
			sourceTree = "<group>";
		};
/* End PBXVariantGroup section */

/* Begin XCBuildConfiguration section */
		9BF5447B1D532F8C004D7811 /* Debug */ = {
			isa = XCBuildConfiguration;
			buildSettings = {
				ALWAYS_SEARCH_USER_PATHS = NO;
				CLANG_CXX_LANGUAGE_STANDARD = "gnu++0x";
				CLANG_CXX_LIBRARY = "libc++";
				CLANG_ENABLE_MODULES = YES;
				CLANG_ENABLE_OBJC_ARC = YES;
				CLANG_WARN_BOOL_CONVERSION = YES;
				CLANG_WARN_CONSTANT_CONVERSION = YES;
				CLANG_WARN_DIRECT_OBJC_ISA_USAGE = YES_ERROR;
				CLANG_WARN_EMPTY_BODY = YES;
				CLANG_WARN_ENUM_CONVERSION = YES;
				CLANG_WARN_INT_CONVERSION = YES;
				CLANG_WARN_OBJC_ROOT_CLASS = YES_ERROR;
				CLANG_WARN_UNREACHABLE_CODE = YES;
				CLANG_WARN__DUPLICATE_METHOD_MATCH = YES;
				"CODE_SIGN_IDENTITY[sdk=iphoneos*]" = "iPhone Developer";
				COPY_PHASE_STRIP = NO;
				DEBUG_INFORMATION_FORMAT = "dwarf-with-dsym";
				ENABLE_STRICT_OBJC_MSGSEND = YES;
				GCC_C_LANGUAGE_STANDARD = gnu99;
				GCC_DYNAMIC_NO_PIC = NO;
				GCC_NO_COMMON_BLOCKS = YES;
				GCC_OPTIMIZATION_LEVEL = 0;
				GCC_PREPROCESSOR_DEFINITIONS = (
					"DEBUG=1",
					"$(inherited)",
				);
				GCC_SYMBOLS_PRIVATE_EXTERN = NO;
				GCC_WARN_64_TO_32_BIT_CONVERSION = YES;
				GCC_WARN_ABOUT_RETURN_TYPE = YES_ERROR;
				GCC_WARN_UNDECLARED_SELECTOR = YES;
				GCC_WARN_UNINITIALIZED_AUTOS = YES_AGGRESSIVE;
				GCC_WARN_UNUSED_FUNCTION = YES;
				GCC_WARN_UNUSED_VARIABLE = YES;
				IPHONEOS_DEPLOYMENT_TARGET = 8.4;
				MTL_ENABLE_DEBUG_INFO = YES;
				ONLY_ACTIVE_ARCH = YES;
				SDKROOT = iphoneos;
			};
			name = Debug;
		};
		9BF5447C1D532F8C004D7811 /* Release */ = {
			isa = XCBuildConfiguration;
			buildSettings = {
				ALWAYS_SEARCH_USER_PATHS = NO;
				CLANG_CXX_LANGUAGE_STANDARD = "gnu++0x";
				CLANG_CXX_LIBRARY = "libc++";
				CLANG_ENABLE_MODULES = YES;
				CLANG_ENABLE_OBJC_ARC = YES;
				CLANG_WARN_BOOL_CONVERSION = YES;
				CLANG_WARN_CONSTANT_CONVERSION = YES;
				CLANG_WARN_DIRECT_OBJC_ISA_USAGE = YES_ERROR;
				CLANG_WARN_EMPTY_BODY = YES;
				CLANG_WARN_ENUM_CONVERSION = YES;
				CLANG_WARN_INT_CONVERSION = YES;
				CLANG_WARN_OBJC_ROOT_CLASS = YES_ERROR;
				CLANG_WARN_UNREACHABLE_CODE = YES;
				CLANG_WARN__DUPLICATE_METHOD_MATCH = YES;
				"CODE_SIGN_IDENTITY[sdk=iphoneos*]" = "iPhone Developer";
				COPY_PHASE_STRIP = NO;
				DEBUG_INFORMATION_FORMAT = "dwarf-with-dsym";
				ENABLE_NS_ASSERTIONS = NO;
				ENABLE_STRICT_OBJC_MSGSEND = YES;
				GCC_C_LANGUAGE_STANDARD = gnu99;
				GCC_NO_COMMON_BLOCKS = YES;
				GCC_WARN_64_TO_32_BIT_CONVERSION = YES;
				GCC_WARN_ABOUT_RETURN_TYPE = YES_ERROR;
				GCC_WARN_UNDECLARED_SELECTOR = YES;
				GCC_WARN_UNINITIALIZED_AUTOS = YES_AGGRESSIVE;
				GCC_WARN_UNUSED_FUNCTION = YES;
				GCC_WARN_UNUSED_VARIABLE = YES;
				IPHONEOS_DEPLOYMENT_TARGET = 8.4;
				MTL_ENABLE_DEBUG_INFO = NO;
				SDKROOT = iphoneos;
				VALIDATE_PRODUCT = YES;
			};
			name = Release;
		};
		9BF5447E1D532F8C004D7811 /* Debug */ = {
			isa = XCBuildConfiguration;
			buildSettings = {
				ASSETCATALOG_COMPILER_APPICON_NAME = AppIcon;
				GCC_PRECOMPILE_PREFIX_HEADER = YES;
				GCC_PREFIX_HEADER = "$(SRCROOT)/InterViewDemo/InterView.pch";
				INFOPLIST_FILE = InterViewDemo/Info.plist;
				LD_RUNPATH_SEARCH_PATHS = "$(inherited) @executable_path/Frameworks";
				PRODUCT_NAME = "$(TARGET_NAME)";
			};
			name = Debug;
		};
		9BF5447F1D532F8C004D7811 /* Release */ = {
			isa = XCBuildConfiguration;
			buildSettings = {
				ASSETCATALOG_COMPILER_APPICON_NAME = AppIcon;
				GCC_PRECOMPILE_PREFIX_HEADER = YES;
				GCC_PREFIX_HEADER = "$(SRCROOT)/InterViewDemo/InterView.pch";
				INFOPLIST_FILE = InterViewDemo/Info.plist;
				LD_RUNPATH_SEARCH_PATHS = "$(inherited) @executable_path/Frameworks";
				PRODUCT_NAME = "$(TARGET_NAME)";
			};
			name = Release;
		};
		9BF544811D532F8C004D7811 /* Debug */ = {
			isa = XCBuildConfiguration;
			buildSettings = {
				BUNDLE_LOADER = "$(TEST_HOST)";
				FRAMEWORK_SEARCH_PATHS = (
					"$(SDKROOT)/Developer/Library/Frameworks",
					"$(inherited)",
				);
				GCC_PREPROCESSOR_DEFINITIONS = (
					"DEBUG=1",
					"$(inherited)",
				);
				INFOPLIST_FILE = InterViewDemoTests/Info.plist;
				LD_RUNPATH_SEARCH_PATHS = "$(inherited) @executable_path/Frameworks @loader_path/Frameworks";
				PRODUCT_NAME = "$(TARGET_NAME)";
				TEST_HOST = "$(BUILT_PRODUCTS_DIR)/InterViewDemo.app/InterViewDemo";
			};
			name = Debug;
		};
		9BF544821D532F8C004D7811 /* Release */ = {
			isa = XCBuildConfiguration;
			buildSettings = {
				BUNDLE_LOADER = "$(TEST_HOST)";
				FRAMEWORK_SEARCH_PATHS = (
					"$(SDKROOT)/Developer/Library/Frameworks",
					"$(inherited)",
				);
				INFOPLIST_FILE = InterViewDemoTests/Info.plist;
				LD_RUNPATH_SEARCH_PATHS = "$(inherited) @executable_path/Frameworks @loader_path/Frameworks";
				PRODUCT_NAME = "$(TARGET_NAME)";
				TEST_HOST = "$(BUILT_PRODUCTS_DIR)/InterViewDemo.app/InterViewDemo";
			};
			name = Release;
		};
/* End XCBuildConfiguration section */

/* Begin XCConfigurationList section */
		9BF544551D532F8C004D7811 /* Build configuration list for PBXProject "InterViewDemo" */ = {
			isa = XCConfigurationList;
			buildConfigurations = (
				9BF5447B1D532F8C004D7811 /* Debug */,
				9BF5447C1D532F8C004D7811 /* Release */,
			);
			defaultConfigurationIsVisible = 0;
			defaultConfigurationName = Release;
		};
		9BF5447D1D532F8C004D7811 /* Build configuration list for PBXNativeTarget "InterViewDemo" */ = {
			isa = XCConfigurationList;
			buildConfigurations = (
				9BF5447E1D532F8C004D7811 /* Debug */,
				9BF5447F1D532F8C004D7811 /* Release */,
			);
			defaultConfigurationIsVisible = 0;
			defaultConfigurationName = Release;
		};
		9BF544801D532F8C004D7811 /* Build configuration list for PBXNativeTarget "InterViewDemoTests" */ = {
			isa = XCConfigurationList;
			buildConfigurations = (
				9BF544811D532F8C004D7811 /* Debug */,
				9BF544821D532F8C004D7811 /* Release */,
			);
			defaultConfigurationIsVisible = 0;
			defaultConfigurationName = Release;
		};
/* End XCConfigurationList section */
	};
	rootObject = 9BF544521D532F8C004D7811 /* Project object */;
}
